# This file was autogenerated by Stack.
# You should not edit this file by hand.
# For more information, please see the documentation at:
#   https://docs.haskellstack.org/en/stable/lock_files

packages:
- completed:
    hackage: ca-province-codes-1.0.0.0@sha256:52b52bfd3f43ce83dfd18276751c33f86b991922172226c04a194a3cf7eb4d0d,1800
    pantry-tree:
      size: 381
      sha256: 4dce2b244ad940998a42297d479491c55fbeb3e92d92baaed317af6199157b5a
  original:
    hackage: ca-province-codes-1.0.0.0@sha256:52b52bfd3f43ce83dfd18276751c33f86b991922172226c04a194a3cf7eb4d0d,1800
- completed:
    hackage: servant-auth-cookie-0.6.0.3@sha256:06151cc6205eb1d5696ff4e282eda4e28f332bc8d03059a155b6ba2c46bf70b2,7513
    pantry-tree:
      size: 707
      sha256: 361532595d07dcbb13d2677dabeb6883afbe6fd119c431815546fe4fefc068f6
  original:
    hackage: servant-auth-cookie-0.6.0.3
- completed:
    hackage: sitemap-gen-0.1.0.0@sha256:cc8ba0fb0a4387d1b0973cd95f1017b810c813913bc1d4066b92f1b1452d8574,1893
    pantry-tree:
      size: 372
      sha256: 9e4cbcdc45cd8bd3745c2c62f88b68f9b03502d8f4d74416b4ae7c646055de1b
  original:
    hackage: sitemap-gen-0.1.0.0@sha256:cc8ba0fb0a4387d1b0973cd95f1017b810c813913bc1d4066b92f1b1452d8574,1893
- completed:
    hackage: immortal-queue-0.1.0.0@sha256:e71a055be75718de5675630706f36a5ec1af2f8c89d02128cba7a4126bbf83de,2490
    pantry-tree:
      size: 441
      sha256: 023019a7645dd1b0c8de336bfa8972056142745f6db20b51abccd4ecde5d7434
  original:
    hackage: immortal-queue-0.1.0.0@sha256:e71a055be75718de5675630706f36a5ec1af2f8c89d02128cba7a4126bbf83de,2490
- completed:
    hackage: unix-compat-0.5.1@sha256:ecc47e6ebd49b06e90f3268f2ebc0b918b7ae76ecfa72bc99ca4b3afc8ca7879,2040
    pantry-tree:
      size: 1045
      sha256: 751783ccc787a07f009cb3d88f5c2dc670fd36c2e689bfd981203516101894c0
  original:
    hackage: unix-compat-0.5.1
snapshots:
- completed:
    size: 569315
    url: https://raw.githubusercontent.com/commercialhaskell/stackage-snapshots/master/lts/10/9.yaml
    sha256: c85a3b35a7c2fa3771728a6f19e363c62ff5619afc2670f87450c19e6770c37f
  original: lts-10.9
