# This file was autogenerated by Stack.
# You should not edit this file by hand.
# For more information, please see the documentation at:
#   https://docs.haskellstack.org/en/stable/lock_files

packages:
- completed:
    hackage: ca-province-codes-1.0.0.0@sha256:52b52bfd3f43ce83dfd18276751c33f86b991922172226c04a194a3cf7eb4d0d,1800
    pantry-tree:
      size: 381
      sha256: 4dce2b244ad940998a42297d479491c55fbeb3e92d92baaed317af6199157b5a
  original:
    hackage: ca-province-codes-1.0.0.0
- completed:
    hackage: servant-auth-cookie-0.6.0.3@sha256:06151cc6205eb1d5696ff4e282eda4e28f332bc8d03059a155b6ba2c46bf70b2,7513
    pantry-tree:
      size: 707
      sha256: 361532595d07dcbb13d2677dabeb6883afbe6fd119c431815546fe4fefc068f6
  original:
    hackage: servant-auth-cookie-0.6.0.3
snapshots:
- completed:
    size: 569315
    url: https://raw.githubusercontent.com/commercialhaskell/stackage-snapshots/master/lts/10/9.yaml
    sha256: c85a3b35a7c2fa3771728a6f19e363c62ff5619afc2670f87450c19e6770c37f
  original: lts-10.9
